{
  "version": 4,
  "terraform_version": "1.10.3",
  "serial": 1129,
  "lineage": "b4087367-9b05-1235-de49-2ec64641b59b",
  "outputs": {
    "ecr_repository_url": {
      "value": "637423200636.dkr.ecr.us-east-1.amazonaws.com/model-client-repo",
      "type": "string"
    },
    "frontend_distribution_domain_name": {
      "value": "drwa5642wqlyn.cloudfront.net",
      "type": "string"
    },
    "frontend_url": {
      "value": "drwa5642wqlyn.cloudfront.net",
      "type": "string"
    },
    "instance_id": {
      "value": "i-0837331e053dbd7e1",
      "type": "string"
    },
    "instance_private_ip": {
      "value": "10.1.1.136",
      "type": "string"
    },
    "instance_public_dns": {
      "value": "ec2-52-45-2-135.compute-1.amazonaws.com",
      "type": "string"
    },
    "instance_public_ip": {
      "value": "52.45.2.135",
      "type": "string"
    },
    "region": {
      "value": "us-east-1",
      "type": "string"
    },
    "ssh_command": {
      "value": "ssh ec2-user@52.45.2.135",
      "type": "string"
    },
    "vpc_peering_connection_id": {
      "value": "pcx-00013b1fd85b3daef",
      "type": "string"
    }
  },
  "resources": [
    {
      "mode": "data",
      "type": "aws_caller_identity",
      "name": "current",
      "provider": "provider[\"registry.terraform.io/hashicorp/aws\"]",
      "instances": [
        {
          "schema_version": 0,
          "attributes": {
            "account_id": "637423200636",
            "arn": "arn:aws:iam::637423200636:user/mattgorbett",
            "id": "637423200636",
            "user_id": "AIDAZI2LCFF6GINEGAAEI"
          },
          "sensitive_attributes": []
        }
      ]
    },
    {
      "mode": "data",
      "type": "aws_vpc",
      "name": "server",
      "provider": "provider[\"registry.terraform.io/hashicorp/aws\"]",
      "instances": [
        {
          "schema_version": 0,
          "attributes": {
            "arn": "arn:aws:ec2:us-east-1:637423200636:vpc/vpc-089d1e09cb9566be3",
            "cidr_block": "10.0.0.0/16",
            "cidr_block_associations": [
              {
                "association_id": "vpc-cidr-assoc-0fbf9dd25a49c7e0b",
                "cidr_block": "10.0.0.0/16",
                "state": "associated"
              }
            ],
            "default": false,
            "dhcp_options_id": "dopt-015fb501553570932",
            "enable_dns_hostnames": true,
            "enable_dns_support": true,
            "enable_network_address_usage_metrics": false,
            "filter": null,
            "id": "vpc-089d1e09cb9566be3",
            "instance_tenancy": "default",
            "ipv6_association_id": "",
            "ipv6_cidr_block": "",
            "main_route_table_id": "rtb-09509df9c670211cf",
            "owner_id": "637423200636",
            "state": null,
            "tags": {
              "Environment": "production",
              "Name": "model-service-vpc"
            },
            "timeouts": null
          },
          "sensitive_attributes": []
        }
      ]
    },
    {
      "mode": "data",
      "type": "terraform_remote_state",
      "name": "client",
      "provider": "provider[\"terraform.io/builtin/terraform\"]",
      "instances": [
        {
          "schema_version": 0,
          "attributes": {
            "backend": "local",
            "config": {
              "value": {
                "path": "terraform.tfstate"
              },
              "type": [
                "object",
                {
                  "path": "string"
                }
              ]
            },
            "defaults": null,
            "outputs": {
              "value": {
                "ecr_repository_url": "637423200636.dkr.ecr.us-east-1.amazonaws.com/model-client-repo",
                "frontend_distribution_domain_name": "drwa5642wqlyn.cloudfront.net",
                "frontend_url": "drwa5642wqlyn.cloudfront.net",
                "instance_id": "i-0837331e053dbd7e1",
                "instance_private_ip": "10.1.1.136",
                "instance_public_dns": "ec2-52-45-2-135.compute-1.amazonaws.com",
                "instance_public_ip": "52.45.2.135",
                "region": "us-east-1",
                "ssh_command": "ssh ec2-user@52.45.2.135",
                "vpc_peering_connection_id": "pcx-00013b1fd85b3daef"
              },
              "type": [
                "object",
                {
                  "ecr_repository_url": "string",
                  "frontend_distribution_domain_name": "string",
                  "frontend_url": "string",
                  "instance_id": "string",
                  "instance_private_ip": "string",
                  "instance_public_dns": "string",
                  "instance_public_ip": "string",
                  "region": "string",
                  "ssh_command": "string",
                  "vpc_peering_connection_id": "string"
                }
              ]
            },
            "workspace": null
          },
          "sensitive_attributes": []
        }
      ]
    },
    {
      "mode": "managed",
      "type": "aws_cloudfront_distribution",
      "name": "frontend_distribution",
      "provider": "provider[\"registry.terraform.io/hashicorp/aws\"]",
      "instances": [
        {
          "schema_version": 1,
          "attributes": {
            "aliases": [],
            "arn": "arn:aws:cloudfront::637423200636:distribution/E3LIRZ7N3ZBRUF",
            "caller_reference": "terraform-20250104043854531600000001",
            "comment": "Frontend Distribution",
            "continuous_deployment_policy_id": "",
            "custom_error_response": [],
            "default_cache_behavior": [
              {
                "allowed_methods": [
                  "GET",
                  "HEAD"
                ],
                "cache_policy_id": "",
                "cached_methods": [
                  "GET",
                  "HEAD"
                ],
                "compress": false,
                "default_ttl": 3600,
                "field_level_encryption_id": "",
                "forwarded_values": [
                  {
                    "cookies": [
                      {
                        "forward": "none",
                        "whitelisted_names": []
                      }
                    ],
                    "headers": [],
                    "query_string": false,
                    "query_string_cache_keys": []
                  }
                ],
                "function_association": [],
                "lambda_function_association": [],
                "max_ttl": 86400,
                "min_ttl": 0,
                "origin_request_policy_id": "",
                "realtime_log_config_arn": "",
                "response_headers_policy_id": "",
                "smooth_streaming": false,
                "target_origin_id": "S3-frontend-bucket",
                "trusted_key_groups": [],
                "trusted_signers": [],
                "viewer_protocol_policy": "redirect-to-https"
              }
            ],
            "default_root_object": "index.html",
            "domain_name": "drwa5642wqlyn.cloudfront.net",
            "enabled": true,
            "etag": "E1UA18VCJ4PA7T",
            "hosted_zone_id": "Z2FDTNDATAQYW2",
            "http_version": "http2",
            "id": "E3LIRZ7N3ZBRUF",
            "in_progress_validation_batches": 0,
            "is_ipv6_enabled": true,
            "last_modified_time": "2025-01-04 05:23:19.265 +0000 UTC",
            "logging_config": [],
            "ordered_cache_behavior": [],
            "origin": [
              {
                "connection_attempts": 3,
                "connection_timeout": 10,
                "custom_header": [],
                "custom_origin_config": [],
                "domain_name": "model-frontend-bucket.s3.us-east-1.amazonaws.com",
                "origin_access_control_id": "",
                "origin_id": "S3-frontend-bucket",
                "origin_path": "",
                "origin_shield": [],
                "s3_origin_config": [
                  {
                    "origin_access_identity": ""
                  }
                ],
                "vpc_origin_config": []
              }
            ],
            "origin_group": [],
            "price_class": "PriceClass_100",
            "restrictions": [
              {
                "geo_restriction": [
                  {
                    "locations": [],
                    "restriction_type": "none"
                  }
                ]
              }
            ],
            "retain_on_delete": false,
            "staging": false,
            "status": "Deployed",
            "tags": {},
            "tags_all": {},
            "trusted_key_groups": [
              {
                "enabled": false,
                "items": []
              }
            ],
            "trusted_signers": [
              {
                "enabled": false,
                "items": []
              }
            ],
            "viewer_certificate": [
              {
                "acm_certificate_arn": "",
                "cloudfront_default_certificate": true,
                "iam_certificate_id": "",
                "minimum_protocol_version": "TLSv1",
                "ssl_support_method": ""
              }
            ],
            "wait_for_deployment": true,
            "web_acl_id": ""
          },
          "sensitive_attributes": [],
          "private": "eyJzY2hlbWFfdmVyc2lvbiI6IjEifQ==",
          "dependencies": [
            "aws_s3_bucket.frontend"
          ]
        }
      ]
    },
    {
      "mode": "managed",
      "type": "aws_ecr_repository",
      "name": "model",
      "provider": "provider[\"registry.terraform.io/hashicorp/aws\"]",
      "instances": [
        {
          "schema_version": 0,
          "attributes": {
            "arn": "arn:aws:ecr:us-east-1:637423200636:repository/model-client-repo",
            "encryption_configuration": [
              {
                "encryption_type": "AES256",
                "kms_key": ""
              }
            ],
            "force_delete": true,
            "id": "model-client-repo",
            "image_scanning_configuration": [
              {
                "scan_on_push": true
              }
            ],
            "image_tag_mutability": "MUTABLE",
            "name": "model-client-repo",
            "registry_id": "637423200636",
            "repository_url": "637423200636.dkr.ecr.us-east-1.amazonaws.com/model-client-repo",
            "tags": {
              "Environment": "dev"
            },
            "tags_all": {
              "Environment": "dev"
            },
            "timeouts": null
          },
          "sensitive_attributes": [],
          "private": "eyJlMmJmYjczMC1lY2FhLTExZTYtOGY4OC0zNDM2M2JjN2M0YzAiOnsiZGVsZXRlIjoxMjAwMDAwMDAwMDAwfX0="
        }
      ]
    },
    {
      "mode": "managed",
      "type": "aws_eip",
      "name": "public_ip",
      "provider": "provider[\"registry.terraform.io/hashicorp/aws\"]",
      "instances": [
        {
          "schema_version": 0,
          "attributes": {
            "address": null,
            "allocation_id": "eipalloc-0d03c26f079ff089b",
            "arn": "arn:aws:ec2:us-east-1:637423200636:elastic-ip/eipalloc-0d03c26f079ff089b",
            "associate_with_private_ip": null,
            "association_id": "eipassoc-093da24ada2d6cff0",
            "carrier_ip": "",
            "customer_owned_ip": "",
            "customer_owned_ipv4_pool": "",
            "domain": "vpc",
            "id": "eipalloc-0d03c26f079ff089b",
            "instance": "i-0837331e053dbd7e1",
            "ipam_pool_id": null,
            "network_border_group": "us-east-1",
            "network_interface": "eni-00397acbd6e1f34c7",
            "private_dns": "ip-10-1-1-136.ec2.internal",
            "private_ip": "10.1.1.136",
            "ptr_record": "",
            "public_dns": "ec2-52-45-2-135.compute-1.amazonaws.com",
            "public_ip": "52.45.2.135",
            "public_ipv4_pool": "amazon",
            "tags": {},
            "tags_all": {},
            "timeouts": null,
            "vpc": true
          },
          "sensitive_attributes": [],
          "private": "eyJlMmJmYjczMC1lY2FhLTExZTYtOGY4OC0zNDM2M2JjN2M0YzAiOnsiZGVsZXRlIjoxODAwMDAwMDAwMDAsInJlYWQiOjkwMDAwMDAwMDAwMCwidXBkYXRlIjozMDAwMDAwMDAwMDB9fQ==",
          "dependencies": [
            "aws_ecr_repository.model",
            "aws_iam_instance_profile.model_server",
            "aws_iam_role.ec2_role",
            "aws_instance.model_server",
            "aws_key_pair.deployer",
            "aws_security_group.model_server",
            "aws_subnet.main",
            "aws_vpc.main"
          ]
        }
      ]
    },
    {
      "mode": "managed",
      "type": "aws_iam_instance_profile",
      "name": "model_server",
      "provider": "provider[\"registry.terraform.io/hashicorp/aws\"]",
      "instances": [
        {
          "schema_version": 0,
          "attributes": {
            "arn": "arn:aws:iam::637423200636:instance-profile/model-client_server_profile",
            "create_date": "2025-01-04T04:27:25Z",
            "id": "model-client_server_profile",
            "name": "model-client_server_profile",
            "name_prefix": "",
            "path": "/",
            "role": "model-client_server_role",
            "tags": {},
            "tags_all": {},
            "unique_id": "AIPAZI2LCFF6KWWOMUYMK"
          },
          "sensitive_attributes": [],
          "private": "bnVsbA==",
          "dependencies": [
            "aws_iam_role.ec2_role"
          ]
        }
      ]
    },
    {
      "mode": "managed",
      "type": "aws_iam_role",
      "name": "ec2_role",
      "provider": "provider[\"registry.terraform.io/hashicorp/aws\"]",
      "instances": [
        {
          "schema_version": 0,
          "attributes": {
            "arn": "arn:aws:iam::637423200636:role/model-client_server_role",
            "assume_role_policy": "{\"Statement\":[{\"Action\":\"sts:AssumeRole\",\"Effect\":\"Allow\",\"Principal\":{\"Service\":\"ec2.amazonaws.com\"}}],\"Version\":\"2012-10-17\"}",
            "create_date": "2025-01-04T04:27:25Z",
            "description": "",
            "force_detach_policies": false,
            "id": "model-client_server_role",
            "inline_policy": [
              {
                "name": "ecr_access",
                "policy": "{\"Version\":\"2012-10-17\",\"Statement\":[{\"Action\":[\"ecr:GetAuthorizationToken\",\"ecr:BatchGetImage\",\"ecr:GetDownloadUrlForLayer\",\"ecr:BatchCheckLayerAvailability\",\"ecr:ListImages\",\"ecr:DescribeImages\",\"ecr:DescribeRepositories\"],\"Effect\":\"Allow\",\"Resource\":\"*\"},{\"Action\":[\"ecr:PutImage\",\"ecr:InitiateLayerUpload\",\"ecr:UploadLayerPart\",\"ecr:CompleteLayerUpload\",\"ecr:BatchCheckLayerAvailability\",\"ecr:GetDownloadUrlForLayer\",\"ecr:BatchGetImage\"],\"Effect\":\"Allow\",\"Resource\":\"arn:aws:ecr:us-east-1:637423200636:repository/model-client-repo\"}]}"
              }
            ],
            "managed_policy_arns": [],
            "max_session_duration": 3600,
            "name": "model-client_server_role",
            "name_prefix": "",
            "path": "/",
            "permissions_boundary": "",
            "tags": {
              "Environment": "dev"
            },
            "tags_all": {
              "Environment": "dev"
            },
            "unique_id": "AROAZI2LCFF6J73WKFWCW"
          },
          "sensitive_attributes": [],
          "private": "bnVsbA=="
        }
      ]
    },
    {
      "mode": "managed",
      "type": "aws_iam_role_policy",
      "name": "ecr_policy",
      "provider": "provider[\"registry.terraform.io/hashicorp/aws\"]",
      "instances": [
        {
          "schema_version": 0,
          "attributes": {
            "id": "model-client_server_role:ecr_access",
            "name": "ecr_access",
            "name_prefix": "",
            "policy": "{\"Version\":\"2012-10-17\",\"Statement\":[{\"Action\":[\"ecr:GetAuthorizationToken\",\"ecr:BatchGetImage\",\"ecr:GetDownloadUrlForLayer\",\"ecr:BatchCheckLayerAvailability\",\"ecr:ListImages\",\"ecr:DescribeImages\",\"ecr:DescribeRepositories\"],\"Effect\":\"Allow\",\"Resource\":\"*\"},{\"Action\":[\"ecr:PutImage\",\"ecr:InitiateLayerUpload\",\"ecr:UploadLayerPart\",\"ecr:CompleteLayerUpload\",\"ecr:BatchCheckLayerAvailability\",\"ecr:GetDownloadUrlForLayer\",\"ecr:BatchGetImage\"],\"Effect\":\"Allow\",\"Resource\":\"arn:aws:ecr:us-east-1:637423200636:repository/model-client-repo\"}]}",
            "role": "model-client_server_role"
          },
          "sensitive_attributes": [],
          "private": "bnVsbA==",
          "dependencies": [
            "aws_iam_role.ec2_role",
            "data.aws_caller_identity.current"
          ]
        }
      ]
    },
    {
      "mode": "managed",
      "type": "aws_instance",
      "name": "model_server",
      "provider": "provider[\"registry.terraform.io/hashicorp/aws\"]",
      "instances": [
        {
          "schema_version": 1,
          "attributes": {
            "ami": "ami-0772e0bfc7cc9c5de",
            "arn": "arn:aws:ec2:us-east-1:637423200636:instance/i-0837331e053dbd7e1",
            "associate_public_ip_address": true,
            "availability_zone": "us-east-1a",
            "capacity_reservation_specification": [
              {
                "capacity_reservation_preference": "open",
                "capacity_reservation_target": []
              }
            ],
            "cpu_core_count": 2,
            "cpu_options": [
              {
                "amd_sev_snp": "",
                "core_count": 2,
                "threads_per_core": 2
              }
            ],
            "cpu_threads_per_core": 2,
            "credit_specification": [],
            "disable_api_stop": false,
            "disable_api_termination": false,
            "ebs_block_device": [],
            "ebs_optimized": false,
            "enable_primary_ipv6": null,
            "enclave_options": [
              {
                "enabled": false
              }
            ],
            "ephemeral_block_device": [],
            "get_password_data": false,
            "hibernation": false,
            "host_id": "",
            "host_resource_group_arn": null,
            "iam_instance_profile": "model-client_server_profile",
            "id": "i-0837331e053dbd7e1",
            "instance_initiated_shutdown_behavior": "stop",
            "instance_lifecycle": "",
            "instance_market_options": [],
            "instance_state": "running",
            "instance_type": "g4dn.xlarge",
            "ipv6_address_count": 0,
            "ipv6_addresses": [],
            "key_name": "model-client-deployer-key",
            "launch_template": [],
            "maintenance_options": [
              {
                "auto_recovery": "default"
              }
            ],
            "metadata_options": [
              {
                "http_endpoint": "enabled",
                "http_protocol_ipv6": "disabled",
                "http_put_response_hop_limit": 1,
                "http_tokens": "optional",
                "instance_metadata_tags": "disabled"
              }
            ],
            "monitoring": false,
            "network_interface": [],
            "outpost_arn": "",
            "password_data": "",
            "placement_group": "",
            "placement_partition_number": 0,
            "primary_network_interface_id": "eni-00397acbd6e1f34c7",
            "private_dns": "ip-10-1-1-136.ec2.internal",
            "private_dns_name_options": [
              {
                "enable_resource_name_dns_a_record": false,
                "enable_resource_name_dns_aaaa_record": false,
                "hostname_type": "ip-name"
              }
            ],
            "private_ip": "10.1.1.136",
            "public_dns": "ec2-52-45-2-135.compute-1.amazonaws.com",
            "public_ip": "52.45.2.135",
            "root_block_device": [
              {
                "delete_on_termination": true,
                "device_name": "/dev/sda1",
                "encrypted": false,
                "iops": 3000,
                "kms_key_id": "",
                "tags": {},
                "tags_all": {},
                "throughput": 125,
                "volume_id": "vol-0d3242a30de578a32",
                "volume_size": 60,
                "volume_type": "gp3"
              }
            ],
            "secondary_private_ips": [],
            "security_groups": [],
            "source_dest_check": true,
            "spot_instance_request_id": "",
            "subnet_id": "subnet-070d97a11fd3eade1",
            "tags": {
              "Environment": "dev",
              "Name": "model-client-server"
            },
            "tags_all": {
              "Environment": "dev",
              "Name": "model-client-server"
            },
            "tenancy": "default",
            "timeouts": null,
            "user_data": "ff491ab829197ee332faffe18dec9409f94bf747",
            "user_data_base64": null,
            "user_data_replace_on_change": false,
            "volume_tags": null,
            "vpc_security_group_ids": [
              "sg-0fd9fcc61a1bb6950"
            ]
          },
          "sensitive_attributes": [],
          "private": "eyJlMmJmYjczMC1lY2FhLTExZTYtOGY4OC0zNDM2M2JjN2M0YzAiOnsiY3JlYXRlIjo2MDAwMDAwMDAwMDAsImRlbGV0ZSI6MTIwMDAwMDAwMDAwMCwicmVhZCI6OTAwMDAwMDAwMDAwLCJ1cGRhdGUiOjYwMDAwMDAwMDAwMH0sInNjaGVtYV92ZXJzaW9uIjoiMSJ9",
          "dependencies": [
            "aws_ecr_repository.model",
            "aws_iam_instance_profile.model_server",
            "aws_iam_role.ec2_role",
            "aws_key_pair.deployer",
            "aws_security_group.model_server",
            "aws_subnet.main",
            "aws_vpc.main"
          ]
        }
      ]
    },
    {
      "mode": "managed",
      "type": "aws_internet_gateway",
      "name": "main",
      "provider": "provider[\"registry.terraform.io/hashicorp/aws\"]",
      "instances": [
        {
          "schema_version": 0,
          "attributes": {
            "arn": "arn:aws:ec2:us-east-1:637423200636:internet-gateway/igw-032fd25697c04236c",
            "id": "igw-032fd25697c04236c",
            "owner_id": "637423200636",
            "tags": {
              "Environment": "dev",
              "Name": "model-client-igw"
            },
            "tags_all": {
              "Environment": "dev",
              "Name": "model-client-igw"
            },
            "timeouts": null,
            "vpc_id": "vpc-0a51757b17242b139"
          },
          "sensitive_attributes": [],
          "private": "eyJlMmJmYjczMC1lY2FhLTExZTYtOGY4OC0zNDM2M2JjN2M0YzAiOnsiY3JlYXRlIjoxMjAwMDAwMDAwMDAwLCJkZWxldGUiOjEyMDAwMDAwMDAwMDAsInVwZGF0ZSI6MTIwMDAwMDAwMDAwMH19",
          "dependencies": [
            "aws_vpc.main"
          ]
        }
      ]
    },
    {
      "mode": "managed",
      "type": "aws_key_pair",
      "name": "deployer",
      "provider": "provider[\"registry.terraform.io/hashicorp/aws\"]",
      "instances": [
        {
          "schema_version": 1,
          "attributes": {
            "arn": "arn:aws:ec2:us-east-1:637423200636:key-pair/model-client-deployer-key",
            "fingerprint": "95:d1:6b:5e:01:eb:69:ab:b7:40:55:97:cb:d9:60:d7",
            "id": "model-client-deployer-key",
            "key_name": "model-client-deployer-key",
            "key_name_prefix": "",
            "key_pair_id": "key-0d578fbae3bb68f54",
            "key_type": "rsa",
            "public_key": "ssh-rsa AAAAB3NzaC1yc2EAAAADAQABAAABAQDJ8dMvGwzj5vWqXn029Q2DH5WMquwppZg6DziThNZIZICrOJcJmKqysjajBg8obgIWr7aGv7itZRRE+VbQUw+7CmbmQcygKSCN+I//O9j7fEP48vvq5Zm7Ns4nPMN3ZrbVg2BEvtZ5L4j8ANP7i6FLszQuDq/2OWLdYadfmX6FG4gEBb9EQXePJDzrAPdlFXBbQQ+htb5pCT1a69yWqFCltXBPXlawPeMYcvhZA4+oSZyZMsGe9+mBA2eY5LQNgHZBzukyORnr0fNSv5PgarcBg4i32bRZ+cRsYkVE6NbYdB6g07PovhGcBsAP+hh54888fWgjc1wk3gSxhhxG8MjV matthewgorbett@Matthews-MacBook-Air.local",
            "tags": {},
            "tags_all": {}
          },
          "sensitive_attributes": [],
          "private": "eyJzY2hlbWFfdmVyc2lvbiI6IjEifQ=="
        }
      ]
    },
    {
      "mode": "managed",
      "type": "aws_route_table",
      "name": "main",
      "provider": "provider[\"registry.terraform.io/hashicorp/aws\"]",
      "instances": [
        {
          "schema_version": 0,
          "attributes": {
            "arn": "arn:aws:ec2:us-east-1:637423200636:route-table/rtb-0f1fc13ca85bed3dc",
            "id": "rtb-0f1fc13ca85bed3dc",
            "owner_id": "637423200636",
            "propagating_vgws": [],
            "route": [
              {
                "carrier_gateway_id": "",
                "cidr_block": "0.0.0.0/0",
                "core_network_arn": "",
                "destination_prefix_list_id": "",
                "egress_only_gateway_id": "",
                "gateway_id": "igw-032fd25697c04236c",
                "ipv6_cidr_block": "",
                "local_gateway_id": "",
                "nat_gateway_id": "",
                "network_interface_id": "",
                "transit_gateway_id": "",
                "vpc_endpoint_id": "",
                "vpc_peering_connection_id": ""
              },
              {
                "carrier_gateway_id": "",
                "cidr_block": "10.0.0.0/16",
                "core_network_arn": "",
                "destination_prefix_list_id": "",
                "egress_only_gateway_id": "",
                "gateway_id": "",
                "ipv6_cidr_block": "",
                "local_gateway_id": "",
                "nat_gateway_id": "",
                "network_interface_id": "",
                "transit_gateway_id": "",
                "vpc_endpoint_id": "",
                "vpc_peering_connection_id": "pcx-00013b1fd85b3daef"
              }
            ],
            "tags": {
              "Environment": "dev",
              "Name": "model-client-route-table"
            },
            "tags_all": {
              "Environment": "dev",
              "Name": "model-client-route-table"
            },
            "timeouts": null,
            "vpc_id": "vpc-0a51757b17242b139"
          },
          "sensitive_attributes": [],
          "private": "eyJlMmJmYjczMC1lY2FhLTExZTYtOGY4OC0zNDM2M2JjN2M0YzAiOnsiY3JlYXRlIjozMDAwMDAwMDAwMDAsImRlbGV0ZSI6MzAwMDAwMDAwMDAwLCJ1cGRhdGUiOjEyMDAwMDAwMDAwMH19",
          "dependencies": [
            "aws_internet_gateway.main",
            "aws_vpc.main",
            "aws_vpc_peering_connection.main",
            "data.aws_vpc.server"
          ]
        }
      ]
    },
    {
      "mode": "managed",
      "type": "aws_route_table_association",
      "name": "main",
      "provider": "provider[\"registry.terraform.io/hashicorp/aws\"]",
      "instances": [
        {
          "schema_version": 0,
          "attributes": {
            "gateway_id": "",
            "id": "rtbassoc-0f8aac42406814e24",
            "route_table_id": "rtb-0f1fc13ca85bed3dc",
            "subnet_id": "subnet-070d97a11fd3eade1",
            "timeouts": null
          },
          "sensitive_attributes": [],
          "private": "eyJlMmJmYjczMC1lY2FhLTExZTYtOGY4OC0zNDM2M2JjN2M0YzAiOnsiY3JlYXRlIjozMDAwMDAwMDAwMDAsImRlbGV0ZSI6MzAwMDAwMDAwMDAwLCJ1cGRhdGUiOjEyMDAwMDAwMDAwMH19",
          "dependencies": [
            "aws_internet_gateway.main",
            "aws_route_table.main",
            "aws_subnet.main",
            "aws_vpc.main",
            "aws_vpc_peering_connection.main",
            "data.aws_vpc.server"
          ]
        }
      ]
    },
    {
      "mode": "managed",
      "type": "aws_s3_bucket",
      "name": "frontend",
      "provider": "provider[\"registry.terraform.io/hashicorp/aws\"]",
      "instances": [
        {
          "schema_version": 0,
          "attributes": {
            "acceleration_status": "",
            "acl": null,
            "arn": "arn:aws:s3:::model-frontend-bucket",
            "bucket": "model-frontend-bucket",
            "bucket_domain_name": "model-frontend-bucket.s3.amazonaws.com",
            "bucket_prefix": "",
            "bucket_regional_domain_name": "model-frontend-bucket.s3.us-east-1.amazonaws.com",
            "cors_rule": [],
            "force_destroy": true,
            "grant": [
              {
                "id": "b7623e6ad9355c7caa40da002d27323ff2c1fc46de14a0f00b50cd4ce9912e8a",
                "permissions": [
                  "FULL_CONTROL"
                ],
                "type": "CanonicalUser",
                "uri": ""
              }
            ],
            "hosted_zone_id": "Z3AQBSTGFYJSTF",
            "id": "model-frontend-bucket",
            "lifecycle_rule": [],
            "logging": [],
            "object_lock_configuration": [],
            "object_lock_enabled": false,
            "policy": "{\"Statement\":[{\"Action\":\"s3:GetObject\",\"Effect\":\"Allow\",\"Principal\":\"*\",\"Resource\":\"arn:aws:s3:::model-frontend-bucket/*\",\"Sid\":\"PublicReadGetObject\"}],\"Version\":\"2012-10-17\"}",
            "region": "us-east-1",
            "replication_configuration": [],
            "request_payer": "BucketOwner",
            "server_side_encryption_configuration": [
              {
                "rule": [
                  {
                    "apply_server_side_encryption_by_default": [
                      {
                        "kms_master_key_id": "",
                        "sse_algorithm": "AES256"
                      }
                    ],
                    "bucket_key_enabled": false
                  }
                ]
              }
            ],
            "tags": {},
            "tags_all": {},
            "timeouts": null,
            "versioning": [
              {
                "enabled": false,
                "mfa_delete": false
              }
            ],
            "website": [
              {
                "error_document": "",
                "index_document": "index.html",
                "redirect_all_requests_to": "",
                "routing_rules": ""
              }
            ],
            "website_domain": "s3-website-us-east-1.amazonaws.com",
            "website_endpoint": "model-frontend-bucket.s3-website-us-east-1.amazonaws.com"
          },
          "sensitive_attributes": [],
          "private": "eyJlMmJmYjczMC1lY2FhLTExZTYtOGY4OC0zNDM2M2JjN2M0YzAiOnsiY3JlYXRlIjoxMjAwMDAwMDAwMDAwLCJkZWxldGUiOjM2MDAwMDAwMDAwMDAsInJlYWQiOjEyMDAwMDAwMDAwMDAsInVwZGF0ZSI6MTIwMDAwMDAwMDAwMH19"
        }
      ]
    },
    {
      "mode": "managed",
      "type": "aws_s3_bucket_policy",
      "name": "frontend",
      "provider": "provider[\"registry.terraform.io/hashicorp/aws\"]",
      "instances": [
        {
          "schema_version": 0,
          "attributes": {
            "bucket": "model-frontend-bucket",
            "id": "model-frontend-bucket",
            "policy": "{\"Statement\":[{\"Action\":\"s3:GetObject\",\"Effect\":\"Allow\",\"Principal\":\"*\",\"Resource\":\"arn:aws:s3:::model-frontend-bucket/*\",\"Sid\":\"PublicReadGetObject\"}],\"Version\":\"2012-10-17\"}"
          },
          "sensitive_attributes": [],
          "private": "bnVsbA==",
          "dependencies": [
            "aws_s3_bucket.frontend",
            "aws_s3_bucket_public_access_block.frontend"
          ]
        }
      ]
    },
    {
      "mode": "managed",
      "type": "aws_s3_bucket_public_access_block",
      "name": "frontend",
      "provider": "provider[\"registry.terraform.io/hashicorp/aws\"]",
      "instances": [
        {
          "schema_version": 0,
          "attributes": {
            "block_public_acls": false,
            "block_public_policy": false,
            "bucket": "model-frontend-bucket",
            "id": "model-frontend-bucket",
            "ignore_public_acls": false,
            "restrict_public_buckets": false
          },
          "sensitive_attributes": [],
          "private": "bnVsbA==",
          "dependencies": [
            "aws_s3_bucket.frontend"
          ]
        }
      ]
    },
    {
      "mode": "managed",
      "type": "aws_s3_bucket_website_configuration",
      "name": "frontend",
      "provider": "provider[\"registry.terraform.io/hashicorp/aws\"]",
      "instances": [
        {
          "schema_version": 0,
          "attributes": {
            "bucket": "model-frontend-bucket",
            "error_document": [],
            "expected_bucket_owner": "",
            "id": "model-frontend-bucket",
            "index_document": [
              {
                "suffix": "index.html"
              }
            ],
            "redirect_all_requests_to": [],
            "routing_rule": [],
            "routing_rules": "",
            "website_domain": "s3-website-us-east-1.amazonaws.com",
            "website_endpoint": "model-frontend-bucket.s3-website-us-east-1.amazonaws.com"
          },
          "sensitive_attributes": [],
          "private": "bnVsbA==",
          "dependencies": [
            "aws_s3_bucket.frontend"
          ]
        }
      ]
    },
    {
      "mode": "managed",
      "type": "aws_s3_object",
      "name": "frontend_object",
      "provider": "provider[\"registry.terraform.io/hashicorp/aws\"]",
      "instances": [
        {
          "schema_version": 0,
          "attributes": {
            "acl": null,
            "arn": "arn:aws:s3:::model-frontend-bucket/index.html",
            "bucket": "model-frontend-bucket",
            "bucket_key_enabled": false,
            "cache_control": "",
            "checksum_algorithm": null,
            "checksum_crc32": "",
            "checksum_crc32c": "",
            "checksum_sha1": "",
            "checksum_sha256": "",
            "content": "\u003c!DOCTYPE html\u003e\n\u003chtml lang=\"en\"\u003e\n\u003chead\u003e\n    \u003cmeta charset=\"UTF-8\"\u003e\n    \u003cmeta name=\"viewport\" content=\"width=device-width, initial-scale=1.0\"\u003e\n    \u003ctitle\u003eAnjunaLabs\u003c/title\u003e\n    \u003cstyle\u003e\n        body {\n            font-family: \"Segoe UI\", Tahoma, Geneva, Verdana, sans-serif;\n            margin: 0;\n            padding: 0;\n            display: flex;\n            flex-direction: column;\n            align-items: center;\n            justify-content: center;\n            min-height: 100vh;\n            background-color: #121212; /* Dark background */\n            color: #e0e0e0; /* Light text */\n        }\n        #chat-container {\n            width: 100%;\n            max-width: 600px;\n            height: 70vh;\n            display: flex;\n            flex-direction: column;\n            gap: 10px;\n            padding: 20px;\n            background: #1e1e1e; /* Slightly lighter dark */\n            border-radius: 10px;\n            box-shadow: 0 6px 12px rgba(0, 0, 0, 0.3);\n            overflow-y: auto;\n            border: 1px solid #333; /* Subtle border */\n        }\n        .message {\n            padding: 12px 16px;\n            border-radius: 10px;\n            margin: 5px 0;\n            max-width: 80%;\n            word-wrap: break-word;\n        }\n        .user-message {\n            align-self: flex-end;\n            background: #4caf50; /* Soft green for user */\n            color: #fff;\n        }\n        .bot-message {\n            align-self: flex-start;\n            background: #333; /* Soft gray for bot */\n            color: #e0e0e0;\n        }\n        #input-container {\n            width: 100%;\n            max-width: 600px;\n            display: flex;\n            gap: 10px;\n            margin-top: 20px;\n            padding: 0 20px;\n        }\n        #message-input {\n            flex: 1;\n            padding: 14px 16px;\n            font-size: 16px;\n            background: #1e1e1e; /* Dark input background */\n            color: #e0e0e0; /* Light text */\n            border: 1px solid #333;\n            border-radius: 8px;\n            outline: none;\n            box-shadow: inset 0 1px 3px rgba(0, 0, 0, 0.3);\n            transition: border-color 0.3s;\n        }\n        #message-input:focus {\n            border-color: #777; /* Gray border on focus */\n        }\n        #send-button {\n            padding: 14px 20px;\n            background: #444; /* Neutral gray button */\n            color: #fff;\n            font-size: 16px;\n            border: none;\n            border-radius: 8px;\n            cursor: pointer;\n            transition: background 0.3s;\n        }\n        #send-button:hover {\n            background: #555; /* Slightly lighter gray on hover */\n        }\n    \u003c/style\u003e\n\u003c/head\u003e\n\u003cbody\u003e\n    \u003cdiv id=\"chat-container\"\u003e\u003c/div\u003e\n    \u003cdiv id=\"input-container\"\u003e\n        \u003cinput type=\"text\" id=\"message-input\" placeholder=\"Type your message here...\" /\u003e\n        \u003cbutton id=\"send-button\"\u003eSend\u003c/button\u003e\n    \u003c/div\u003e\n\n    \u003cscript\u003e\n        const chatContainer = document.getElementById('chat-container');\n        const messageInput = document.getElementById('message-input');\n        const sendButton = document.getElementById('send-button');\n\n        const serverUrl = \"http://10.1.1.136:8000/generate\"; \n        const username = \"UStAilaN\";\n        const password = \"pK9#mJ4$xL2@\";\n\n        function appendMessage(content, isUser = true) {\n            const message = document.createElement('div');\n            message.className = `message ${isUser ? 'user-message' : 'bot-message'}`;\n            message.textContent = content;\n            chatContainer.appendChild(message);\n            chatContainer.scrollTop = chatContainer.scrollHeight;\n        }\n\n        async function sendMessage() {\n            const userMessage = messageInput.value.trim();\n            if (!userMessage) return;\n\n            appendMessage(userMessage, true);\n            messageInput.value = '';\n\n            try {\n                const data = {\n                    prompt: userMessage,\n                    max_length: 512,\n                    temperature: 1,\n                };\n\n                const response = await fetch(serverUrl, {\n                    method: 'POST',\n                    headers: {\n                        'Content-Type': 'application/json',\n                        'Authorization': `Basic ${btoa(`${username}:${password}`)}`,\n                    },\n                    body: JSON.stringify(data),\n                });\n\n                if (response.ok) {\n                    const jsonResponse = await response.json();\n                    if (jsonResponse \u0026\u0026 jsonResponse.generated_text) {\n                        appendMessage(jsonResponse.generated_text, false);\n                    } else {\n                        appendMessage('Error: Received an invalid or empty response from the server.', false);\n                    }\n                } else {\n                    const errorText = await response.text();\n                    appendMessage(`Error: Server responded with status ${response.status} - ${errorText}`, false);\n                }\n            } catch (error) {\n                appendMessage(`Error: Network error or server is unreachable. Details: ${error.message}`, false);\n            }\n        }\n\n        sendButton.addEventListener('click', sendMessage);\n        messageInput.addEventListener('keydown', (e) =\u003e {\n            if (e.key === 'Enter') sendMessage();\n        });\n    \u003c/script\u003e\n\u003c/body\u003e\n\u003c/html\u003e\n",
            "content_base64": null,
            "content_disposition": "",
            "content_encoding": "",
            "content_language": "",
            "content_type": "text/html",
            "etag": "df1cf0de770ff8500c692a4db499e25a",
            "force_destroy": false,
            "id": "index.html",
            "key": "index.html",
            "kms_key_id": null,
            "metadata": {},
            "object_lock_legal_hold_status": "",
            "object_lock_mode": "",
            "object_lock_retain_until_date": "",
            "override_provider": [],
            "server_side_encryption": "AES256",
            "source": "",
            "source_hash": null,
            "storage_class": "STANDARD",
            "tags": {},
            "tags_all": {},
            "version_id": "",
            "website_redirect": ""
          },
          "sensitive_attributes": [],
          "private": "bnVsbA==",
          "dependencies": [
            "aws_s3_bucket.frontend",
            "data.terraform_remote_state.client",
            "local_file.index_html"
          ]
        }
      ]
    },
    {
      "mode": "managed",
      "type": "aws_security_group",
      "name": "model_server",
      "provider": "provider[\"registry.terraform.io/hashicorp/aws\"]",
      "instances": [
        {
          "schema_version": 1,
          "attributes": {
            "arn": "arn:aws:ec2:us-east-1:637423200636:security-group/sg-0fd9fcc61a1bb6950",
            "description": "Security group for model server",
            "egress": [
              {
                "cidr_blocks": [
                  "0.0.0.0/0"
                ],
                "description": "",
                "from_port": 0,
                "ipv6_cidr_blocks": [],
                "prefix_list_ids": [],
                "protocol": "-1",
                "security_groups": [],
                "self": false,
                "to_port": 0
              }
            ],
            "id": "sg-0fd9fcc61a1bb6950",
            "ingress": [
              {
                "cidr_blocks": [
                  "0.0.0.0/0"
                ],
                "description": "",
                "from_port": -1,
                "ipv6_cidr_blocks": [],
                "prefix_list_ids": [],
                "protocol": "icmp",
                "security_groups": [],
                "self": false,
                "to_port": -1
              },
              {
                "cidr_blocks": [
                  "0.0.0.0/0"
                ],
                "description": "HTTP",
                "from_port": 8000,
                "ipv6_cidr_blocks": [],
                "prefix_list_ids": [],
                "protocol": "tcp",
                "security_groups": [],
                "self": false,
                "to_port": 8000
              },
              {
                "cidr_blocks": [
                  "0.0.0.0/0"
                ],
                "description": "HTTP",
                "from_port": 80,
                "ipv6_cidr_blocks": [],
                "prefix_list_ids": [],
                "protocol": "tcp",
                "security_groups": [],
                "self": false,
                "to_port": 80
              },
              {
                "cidr_blocks": [
                  "0.0.0.0/0"
                ],
                "description": "SSH",
                "from_port": 22,
                "ipv6_cidr_blocks": [],
                "prefix_list_ids": [],
                "protocol": "tcp",
                "security_groups": [],
                "self": false,
                "to_port": 22
              },
              {
                "cidr_blocks": [
                  "10.0.0.0/16",
                  "10.1.0.0/16"
                ],
                "description": "",
                "from_port": 0,
                "ipv6_cidr_blocks": [],
                "prefix_list_ids": [],
                "protocol": "tcp",
                "security_groups": [],
                "self": false,
                "to_port": 65535
              },
              {
                "cidr_blocks": [
                  "10.0.0.0/16"
                ],
                "description": "HTTP",
                "from_port": 80,
                "ipv6_cidr_blocks": [],
                "prefix_list_ids": [],
                "protocol": "tcp",
                "security_groups": [],
                "self": false,
                "to_port": 80
              },
              {
                "cidr_blocks": [
                  "10.0.0.0/16"
                ],
                "description": "HTTPS",
                "from_port": 443,
                "ipv6_cidr_blocks": [],
                "prefix_list_ids": [],
                "protocol": "tcp",
                "security_groups": [],
                "self": false,
                "to_port": 443
              }
            ],
            "name": "model-client-sg",
            "name_prefix": "",
            "owner_id": "637423200636",
            "revoke_rules_on_delete": false,
            "tags": {
              "Environment": "dev",
              "Name": "model-client-sg"
            },
            "tags_all": {
              "Environment": "dev",
              "Name": "model-client-sg"
            },
            "timeouts": null,
            "vpc_id": "vpc-0a51757b17242b139"
          },
          "sensitive_attributes": [],
          "private": "eyJlMmJmYjczMC1lY2FhLTExZTYtOGY4OC0zNDM2M2JjN2M0YzAiOnsiY3JlYXRlIjo2MDAwMDAwMDAwMDAsImRlbGV0ZSI6OTAwMDAwMDAwMDAwfSwic2NoZW1hX3ZlcnNpb24iOiIxIn0=",
          "dependencies": [
            "aws_vpc.main"
          ]
        }
      ]
    },
    {
      "mode": "managed",
      "type": "aws_subnet",
      "name": "main",
      "provider": "provider[\"registry.terraform.io/hashicorp/aws\"]",
      "instances": [
        {
          "schema_version": 1,
          "attributes": {
            "arn": "arn:aws:ec2:us-east-1:637423200636:subnet/subnet-070d97a11fd3eade1",
            "assign_ipv6_address_on_creation": false,
            "availability_zone": "us-east-1a",
            "availability_zone_id": "use1-az6",
            "cidr_block": "10.1.1.0/24",
            "customer_owned_ipv4_pool": "",
            "enable_dns64": false,
            "enable_lni_at_device_index": 0,
            "enable_resource_name_dns_a_record_on_launch": false,
            "enable_resource_name_dns_aaaa_record_on_launch": false,
            "id": "subnet-070d97a11fd3eade1",
            "ipv6_cidr_block": "",
            "ipv6_cidr_block_association_id": "",
            "ipv6_native": false,
            "map_customer_owned_ip_on_launch": false,
            "map_public_ip_on_launch": true,
            "outpost_arn": "",
            "owner_id": "637423200636",
            "private_dns_hostname_type_on_launch": "ip-name",
            "tags": {
              "Environment": "dev",
              "Name": "model-client-subnet"
            },
            "tags_all": {
              "Environment": "dev",
              "Name": "model-client-subnet"
            },
            "timeouts": null,
            "vpc_id": "vpc-0a51757b17242b139"
          },
          "sensitive_attributes": [],
          "private": "eyJlMmJmYjczMC1lY2FhLTExZTYtOGY4OC0zNDM2M2JjN2M0YzAiOnsiY3JlYXRlIjo2MDAwMDAwMDAwMDAsImRlbGV0ZSI6MTIwMDAwMDAwMDAwMH0sInNjaGVtYV92ZXJzaW9uIjoiMSJ9",
          "dependencies": [
            "aws_vpc.main"
          ]
        }
      ]
    },
    {
      "mode": "managed",
      "type": "aws_vpc",
      "name": "main",
      "provider": "provider[\"registry.terraform.io/hashicorp/aws\"]",
      "instances": [
        {
          "schema_version": 1,
          "attributes": {
            "arn": "arn:aws:ec2:us-east-1:637423200636:vpc/vpc-0a51757b17242b139",
            "assign_generated_ipv6_cidr_block": false,
            "cidr_block": "10.1.0.0/16",
            "default_network_acl_id": "acl-0fe2b36c3b87d5f7b",
            "default_route_table_id": "rtb-030fa1270e1cd0652",
            "default_security_group_id": "sg-0bf4051abaa34dec4",
            "dhcp_options_id": "dopt-015fb501553570932",
            "enable_dns_hostnames": true,
            "enable_dns_support": true,
            "enable_network_address_usage_metrics": false,
            "id": "vpc-0a51757b17242b139",
            "instance_tenancy": "default",
            "ipv4_ipam_pool_id": null,
            "ipv4_netmask_length": null,
            "ipv6_association_id": "",
            "ipv6_cidr_block": "",
            "ipv6_cidr_block_network_border_group": "",
            "ipv6_ipam_pool_id": "",
            "ipv6_netmask_length": 0,
            "main_route_table_id": "rtb-030fa1270e1cd0652",
            "owner_id": "637423200636",
            "tags": {
              "Environment": "dev",
              "Name": "model-client-vpc"
            },
            "tags_all": {
              "Environment": "dev",
              "Name": "model-client-vpc"
            }
          },
          "sensitive_attributes": [],
          "private": "eyJzY2hlbWFfdmVyc2lvbiI6IjEifQ=="
        }
      ]
    },
    {
      "mode": "managed",
      "type": "aws_vpc_peering_connection",
      "name": "main",
      "provider": "provider[\"registry.terraform.io/hashicorp/aws\"]",
      "instances": [
        {
          "schema_version": 0,
          "attributes": {
            "accept_status": "active",
            "accepter": [
              {
                "allow_remote_vpc_dns_resolution": false
              }
            ],
            "auto_accept": true,
            "id": "pcx-00013b1fd85b3daef",
            "peer_owner_id": "637423200636",
            "peer_region": "us-east-1",
            "peer_vpc_id": "vpc-089d1e09cb9566be3",
            "requester": [
              {
                "allow_remote_vpc_dns_resolution": false
              }
            ],
            "tags": {},
            "tags_all": {},
            "timeouts": null,
            "vpc_id": "vpc-0a51757b17242b139"
          },
          "sensitive_attributes": [],
          "private": "eyJlMmJmYjczMC1lY2FhLTExZTYtOGY4OC0zNDM2M2JjN2M0YzAiOnsiY3JlYXRlIjo2MDAwMDAwMDAwMCwiZGVsZXRlIjo2MDAwMDAwMDAwMCwidXBkYXRlIjo2MDAwMDAwMDAwMH19",
          "dependencies": [
            "aws_vpc.main"
          ]
        }
      ]
    },
    {
      "mode": "managed",
      "type": "local_file",
      "name": "index_html",
      "provider": "provider[\"registry.terraform.io/hashicorp/local\"]",
      "instances": [
        {
          "schema_version": 0,
          "attributes": {
            "content": "\u003c!DOCTYPE html\u003e\n\u003chtml lang=\"en\"\u003e\n\u003chead\u003e\n    \u003cmeta charset=\"UTF-8\"\u003e\n    \u003cmeta name=\"viewport\" content=\"width=device-width, initial-scale=1.0\"\u003e\n    \u003ctitle\u003eAnjunaLabs\u003c/title\u003e\n    \u003cstyle\u003e\n        body {\n            font-family: \"Segoe UI\", Tahoma, Geneva, Verdana, sans-serif;\n            margin: 0;\n            padding: 0;\n            display: flex;\n            flex-direction: column;\n            align-items: center;\n            justify-content: center;\n            min-height: 100vh;\n            background-color: #121212; /* Dark background */\n            color: #e0e0e0; /* Light text */\n        }\n        #chat-container {\n            width: 100%;\n            max-width: 600px;\n            height: 70vh;\n            display: flex;\n            flex-direction: column;\n            gap: 10px;\n            padding: 20px;\n            background: #1e1e1e; /* Slightly lighter dark */\n            border-radius: 10px;\n            box-shadow: 0 6px 12px rgba(0, 0, 0, 0.3);\n            overflow-y: auto;\n            border: 1px solid #333; /* Subtle border */\n        }\n        .message {\n            padding: 12px 16px;\n            border-radius: 10px;\n            margin: 5px 0;\n            max-width: 80%;\n            word-wrap: break-word;\n        }\n        .user-message {\n            align-self: flex-end;\n            background: #4caf50; /* Soft green for user */\n            color: #fff;\n        }\n        .bot-message {\n            align-self: flex-start;\n            background: #333; /* Soft gray for bot */\n            color: #e0e0e0;\n        }\n        #input-container {\n            width: 100%;\n            max-width: 600px;\n            display: flex;\n            gap: 10px;\n            margin-top: 20px;\n            padding: 0 20px;\n        }\n        #message-input {\n            flex: 1;\n            padding: 14px 16px;\n            font-size: 16px;\n            background: #1e1e1e; /* Dark input background */\n            color: #e0e0e0; /* Light text */\n            border: 1px solid #333;\n            border-radius: 8px;\n            outline: none;\n            box-shadow: inset 0 1px 3px rgba(0, 0, 0, 0.3);\n            transition: border-color 0.3s;\n        }\n        #message-input:focus {\n            border-color: #777; /* Gray border on focus */\n        }\n        #send-button {\n            padding: 14px 20px;\n            background: #444; /* Neutral gray button */\n            color: #fff;\n            font-size: 16px;\n            border: none;\n            border-radius: 8px;\n            cursor: pointer;\n            transition: background 0.3s;\n        }\n        #send-button:hover {\n            background: #555; /* Slightly lighter gray on hover */\n        }\n    \u003c/style\u003e\n\u003c/head\u003e\n\u003cbody\u003e\n    \u003cdiv id=\"chat-container\"\u003e\u003c/div\u003e\n    \u003cdiv id=\"input-container\"\u003e\n        \u003cinput type=\"text\" id=\"message-input\" placeholder=\"Type your message here...\" /\u003e\n        \u003cbutton id=\"send-button\"\u003eSend\u003c/button\u003e\n    \u003c/div\u003e\n\n    \u003cscript\u003e\n        const chatContainer = document.getElementById('chat-container');\n        const messageInput = document.getElementById('message-input');\n        const sendButton = document.getElementById('send-button');\n\n        const serverUrl = \"http://10.1.1.136:8000/generate\"; \n        const username = \"UStAilaN\";\n        const password = \"pK9#mJ4$xL2@\";\n\n        function appendMessage(content, isUser = true) {\n            const message = document.createElement('div');\n            message.className = `message ${isUser ? 'user-message' : 'bot-message'}`;\n            message.textContent = content;\n            chatContainer.appendChild(message);\n            chatContainer.scrollTop = chatContainer.scrollHeight;\n        }\n\n        async function sendMessage() {\n            const userMessage = messageInput.value.trim();\n            if (!userMessage) return;\n\n            appendMessage(userMessage, true);\n            messageInput.value = '';\n\n            try {\n                const data = {\n                    prompt: userMessage,\n                    max_length: 512,\n                    temperature: 1,\n                };\n\n                const response = await fetch(serverUrl, {\n                    method: 'POST',\n                    headers: {\n                        'Content-Type': 'application/json',\n                        'Authorization': `Basic ${btoa(`${username}:${password}`)}`,\n                    },\n                    body: JSON.stringify(data),\n                });\n\n                if (response.ok) {\n                    const jsonResponse = await response.json();\n                    if (jsonResponse \u0026\u0026 jsonResponse.generated_text) {\n                        appendMessage(jsonResponse.generated_text, false);\n                    } else {\n                        appendMessage('Error: Received an invalid or empty response from the server.', false);\n                    }\n                } else {\n                    const errorText = await response.text();\n                    appendMessage(`Error: Server responded with status ${response.status} - ${errorText}`, false);\n                }\n            } catch (error) {\n                appendMessage(`Error: Network error or server is unreachable. Details: ${error.message}`, false);\n            }\n        }\n\n        sendButton.addEventListener('click', sendMessage);\n        messageInput.addEventListener('keydown', (e) =\u003e {\n            if (e.key === 'Enter') sendMessage();\n        });\n    \u003c/script\u003e\n\u003c/body\u003e\n\u003c/html\u003e\n",
            "content_base64": null,
            "content_base64sha256": "a4DwtnE+KwwSej41EbzW2SfzNOs6xz6dljUs8fBOZ78=",
            "content_base64sha512": "DERn6aPyzTp5L2GsKyV7dZf57FblLqClgNmTHEfbhgzWlX8mAlJQ2jOWYQ1I2e+2yGA/cqd+L81vFlmqZTM0ig==",
            "content_md5": "df1cf0de770ff8500c692a4db499e25a",
            "content_sha1": "2daba9b46952e11ecd37e1bfd6081675123ddef1",
            "content_sha256": "6b80f0b6713e2b0c127a3e3511bcd6d927f334eb3ac73e9d96352cf1f04e67bf",
            "content_sha512": "0c4467e9a3f2cd3a792f61ac2b257b7597f9ec56e52ea0a580d9931c47db860cd6957f26025250da3396610d48d9efb6c8603f72a77e2fcd6f1659aa6533348a",
            "directory_permission": "0777",
            "file_permission": "0777",
            "filename": "../frontend/index.html",
            "id": "2daba9b46952e11ecd37e1bfd6081675123ddef1",
            "sensitive_content": null,
            "source": null
          },
          "sensitive_attributes": [
            [
              {
                "type": "get_attr",
                "value": "sensitive_content"
              }
            ]
          ],
          "dependencies": [
            "data.terraform_remote_state.client"
          ]
        }
      ]
    }
  ],
  "check_results": null
}
